
Microsoft Visual Studio Solution File, Format Version 11.00
# Visual Basic Express 2010
Project("{F184B08F-C81C-45F6-A57F-5ABD9991F28F}") = "ch1-1", "ch1-1\ch1-1.vbproj", "{832EE28A-66D7-4D0D-983D-9F75EF56100C}"
EndProject
Global
	GlobalSection(SolutionConfigurationPlatforms) = preSolution
		Debug|x86 = Debug|x86
		Release|x86 = Release|x86
	EndGlobalSection
	GlobalSection(ProjectConfigurationPlatforms) = postSolution
		{832EE28A-66D7-4D0D-983D-9F75EF56100C}.Debug|x86.ActiveCfg = Debug|x86
		{832EE28A-66D7-4D0D-983D-9F75EF56100C}.Debug|x86.Build.0 = Debug|x86
		{832EE28A-66D7-4D0D-983D-9F75EF56100C}.Release|x86.ActiveCfg = Release|x86
		{832EE28A-66D7-4D0D-983D-9F75EF56100C}.Release|x86.Build.0 = Release|x86
	EndGlobalSection
	GlobalSection(SolutionProperties) = preSolution
		HideSolutionNode = FALSE
	EndGlobalSection
EndGlobal
